
Microsoft Visual Studio Solution File, Format Version 12.00
# Visual Studio Version 16
VisualStudioVersion = 16.0.29806.167
MinimumVisualStudioVersion = 10.0.40219.1
Project("{FAE04EC0-301F-11D3-BF4B-00C04F79EFBC}") = "CafeApp", "CafeApp\CafeApp.csproj", "{DD8D1B17-C4E7-482E-B691-8A746DF2CE2B}"
EndProject
Project("{FAE04EC0-301F-11D3-BF4B-00C04F79EFBC}") = "CafeApp.Persistance", "CafeApp.Persistance\CafeApp.Persistance.csproj", "{D496F49E-46EE-4E0F-9522-1A2A9D3741F8}"
EndProject
Project("{FAE04EC0-301F-11D3-BF4B-00C04F79EFBC}") = "CafeApp.DomainEntity", "CafeApp.DomainEntity\CafeApp.DomainEntity.csproj", "{1AD91E6A-35D9-47F2-8D5A-8734CF507F65}"
EndProject
Global
	GlobalSection(SolutionConfigurationPlatforms) = preSolution
		Debug|Any CPU = Debug|Any CPU
		Release|Any CPU = Release|Any CPU
	EndGlobalSection
	GlobalSection(ProjectConfigurationPlatforms) = postSolution
		{DD8D1B17-C4E7-482E-B691-8A746DF2CE2B}.Debug|Any CPU.ActiveCfg = Debug|Any CPU
		{DD8D1B17-C4E7-482E-B691-8A746DF2CE2B}.Debug|Any CPU.Build.0 = Debug|Any CPU
		{DD8D1B17-C4E7-482E-B691-8A746DF2CE2B}.Release|Any CPU.ActiveCfg = Release|Any CPU
		{DD8D1B17-C4E7-482E-B691-8A746DF2CE2B}.Release|Any CPU.Build.0 = Release|Any CPU
		{D496F49E-46EE-4E0F-9522-1A2A9D3741F8}.Debug|Any CPU.ActiveCfg = Debug|Any CPU
		{D496F49E-46EE-4E0F-9522-1A2A9D3741F8}.Debug|Any CPU.Build.0 = Debug|Any CPU
		{D496F49E-46EE-4E0F-9522-1A2A9D3741F8}.Release|Any CPU.ActiveCfg = Release|Any CPU
		{D496F49E-46EE-4E0F-9522-1A2A9D3741F8}.Release|Any CPU.Build.0 = Release|Any CPU
		{1AD91E6A-35D9-47F2-8D5A-8734CF507F65}.Debug|Any CPU.ActiveCfg = Debug|Any CPU
		{1AD91E6A-35D9-47F2-8D5A-8734CF507F65}.Debug|Any CPU.Build.0 = Debug|Any CPU
		{1AD91E6A-35D9-47F2-8D5A-8734CF507F65}.Release|Any CPU.ActiveCfg = Release|Any CPU
		{1AD91E6A-35D9-47F2-8D5A-8734CF507F65}.Release|Any CPU.Build.0 = Release|Any CPU
	EndGlobalSection
	GlobalSection(SolutionProperties) = preSolution
		HideSolutionNode = FALSE
	EndGlobalSection
	GlobalSection(ExtensibilityGlobals) = postSolution
		SolutionGuid = {ACD95CCA-FA6C-41AD-B605-D16E09E52F75}
	EndGlobalSection
EndGlobal
